// !$*UTF8*$!
{
	archiveVersion = 1;
	classes = {
	};
	objectVersion = 46;
	objects = {

/* Begin PBXBuildFile section */
		842C7734199F9BAD00BB19BA /* ParentTableViewCell.m in Sources */ = {isa = PBXBuildFile; fileRef = 842C7733199F9BAD00BB19BA /* ParentTableViewCell.m */; };
		842C7737199FA1BA00BB19BA /* ExpandTableView.m in Sources */ = {isa = PBXBuildFile; fileRef = 842C7736199FA1BA00BB19BA /* ExpandTableView.m */; };
		842C7739199FAD3600BB19BA /* Images.xcassets in Resources */ = {isa = PBXBuildFile; fileRef = 842C7738199FAD3600BB19BA /* Images.xcassets */; };
		84E34F74199CFF06009C94D8 /* main.m in Sources */ = {isa = PBXBuildFile; fileRef = 84E34F73199CFF06009C94D8 /* main.m */; };
		84E34F77199CFF06009C94D8 /* AppDelegate.m in Sources */ = {isa = PBXBuildFile; fileRef = 84E34F76199CFF06009C94D8 /* AppDelegate.m */; };
		84E34F7A199CFF06009C94D8 /* ViewController.m in Sources */ = {isa = PBXBuildFile; fileRef = 84E34F79199CFF06009C94D8 /* ViewController.m */; };
		84E34F7D199CFF06009C94D8 /* Main.storyboard in Resources */ = {isa = PBXBuildFile; fileRef = 84E34F7B199CFF06009C94D8 /* Main.storyboard */; };
		84E34F8B199CFF06009C94D8 /* testTableViewTests.m in Sources */ = {isa = PBXBuildFile; fileRef = 84E34F8A199CFF06009C94D8 /* testTableViewTests.m */; };
/* End PBXBuildFile section */

/* Begin PBXContainerItemProxy section */
		84E34F85199CFF06009C94D8 /* PBXContainerItemProxy */ = {
			isa = PBXContainerItemProxy;
			containerPortal = 84E34F66199CFF06009C94D8 /* Project object */;
			proxyType = 1;
			remoteGlobalIDString = 84E34F6D199CFF06009C94D8;
			remoteInfo = testTableView;
		};
/* End PBXContainerItemProxy section */

/* Begin PBXFileReference section */
		842C7732199F9BAD00BB19BA /* ParentTableViewCell.h */ = {isa = PBXFileReference; fileEncoding = 4; lastKnownFileType = sourcecode.c.h; path = ParentTableViewCell.h; sourceTree = "<group>"; };
		842C7733199F9BAD00BB19BA /* ParentTableViewCell.m */ = {isa = PBXFileReference; fileEncoding = 4; lastKnownFileType = sourcecode.c.objc; path = ParentTableViewCell.m; sourceTree = "<group>"; };
		842C7735199FA1BA00BB19BA /* ExpandTableView.h */ = {isa = PBXFileReference; fileEncoding = 4; lastKnownFileType = sourcecode.c.h; path = ExpandTableView.h; sourceTree = "<group>"; };
		842C7736199FA1BA00BB19BA /* ExpandTableView.m */ = {isa = PBXFileReference; fileEncoding = 4; lastKnownFileType = sourcecode.c.objc; path = ExpandTableView.m; sourceTree = "<group>"; };
		842C7738199FAD3600BB19BA /* Images.xcassets */ = {isa = PBXFileReference; lastKnownFileType = folder.assetcatalog; path = Images.xcassets; sourceTree = "<group>"; };
		84E34F6E199CFF06009C94D8 /* testTableView.app */ = {isa = PBXFileReference; explicitFileType = wrapper.application; includeInIndex = 0; path = testTableView.app; sourceTree = BUILT_PRODUCTS_DIR; };
		84E34F72199CFF06009C94D8 /* Info.plist */ = {isa = PBXFileReference; lastKnownFileType = text.plist.xml; path = Info.plist; sourceTree = "<group>"; };
		84E34F73199CFF06009C94D8 /* main.m */ = {isa = PBXFileReference; lastKnownFileType = sourcecode.c.objc; path = main.m; sourceTree = "<group>"; };
		84E34F75199CFF06009C94D8 /* AppDelegate.h */ = {isa = PBXFileReference; lastKnownFileType = sourcecode.c.h; path = AppDelegate.h; sourceTree = "<group>"; };
		84E34F76199CFF06009C94D8 /* AppDelegate.m */ = {isa = PBXFileReference; lastKnownFileType = sourcecode.c.objc; path = AppDelegate.m; sourceTree = "<group>"; };
		84E34F78199CFF06009C94D8 /* ViewController.h */ = {isa = PBXFileReference; lastKnownFileType = sourcecode.c.h; path = ViewController.h; sourceTree = "<group>"; };
		84E34F79199CFF06009C94D8 /* ViewController.m */ = {isa = PBXFileReference; lastKnownFileType = sourcecode.c.objc; path = ViewController.m; sourceTree = "<group>"; };
		84E34F7C199CFF06009C94D8 /* Base */ = {isa = PBXFileReference; lastKnownFileType = file.storyboard; name = Base; path = Base.lproj/Main.storyboard; sourceTree = "<group>"; };
		84E34F84199CFF06009C94D8 /* testTableViewTests.xctest */ = {isa = PBXFileReference; explicitFileType = wrapper.cfbundle; includeInIndex = 0; path = testTableViewTests.xctest; sourceTree = BUILT_PRODUCTS_DIR; };
		84E34F89199CFF06009C94D8 /* Info.plist */ = {isa = PBXFileReference; lastKnownFileType = text.plist.xml; path = Info.plist; sourceTree = "<group>"; };
		84E34F8A199CFF06009C94D8 /* testTableViewTests.m */ = {isa = PBXFileReference; lastKnownFileType = sourcecode.c.objc; path = testTableViewTests.m; sourceTree = "<group>"; };
/* End PBXFileReference section */

/* Begin PBXFrameworksBuildPhase section */
		84E34F6B199CFF06009C94D8 /* Frameworks */ = {
			isa = PBXFrameworksBuildPhase;
			buildActionMask = 2147483647;
			files = (
			);
			runOnlyForDeploymentPostprocessing = 0;
		};
		84E34F81199CFF06009C94D8 /* Frameworks */ = {
			isa = PBXFrameworksBuildPhase;
			buildActionMask = 2147483647;
			files = (
			);
			runOnlyForDeploymentPostprocessing = 0;
		};
/* End PBXFrameworksBuildPhase section */

/* Begin PBXGroup section */
		842C7731199F9B9100BB19BA /* Lib */ = {
			isa = PBXGroup;
			children = (
				842C7732199F9BAD00BB19BA /* ParentTableViewCell.h */,
				842C7733199F9BAD00BB19BA /* ParentTableViewCell.m */,
				842C7735199FA1BA00BB19BA /* ExpandTableView.h */,
				842C7736199FA1BA00BB19BA /* ExpandTableView.m */,
			);
			name = Lib;
			sourceTree = "<group>";
		};
		84E34F65199CFF06009C94D8 = {
			isa = PBXGroup;
			children = (
				84E34F70199CFF06009C94D8 /* testTableView */,
				84E34F87199CFF06009C94D8 /* testTableViewTests */,
				84E34F6F199CFF06009C94D8 /* Products */,
			);
			sourceTree = "<group>";
		};
		84E34F6F199CFF06009C94D8 /* Products */ = {
			isa = PBXGroup;
			children = (
				84E34F6E199CFF06009C94D8 /* testTableView.app */,
				84E34F84199CFF06009C94D8 /* testTableViewTests.xctest */,
			);
			name = Products;
			sourceTree = "<group>";
		};
		84E34F70199CFF06009C94D8 /* testTableView */ = {
			isa = PBXGroup;
			children = (
				842C7738199FAD3600BB19BA /* Images.xcassets */,
				842C7731199F9B9100BB19BA /* Lib */,
				84E34F78199CFF06009C94D8 /* ViewController.h */,
				84E34F79199CFF06009C94D8 /* ViewController.m */,
				84E34F7B199CFF06009C94D8 /* Main.storyboard */,
				84E34F71199CFF06009C94D8 /* Supporting Files */,
			);
			path = testTableView;
			sourceTree = "<group>";
		};
		84E34F71199CFF06009C94D8 /* Supporting Files */ = {
			isa = PBXGroup;
			children = (
				84E34F75199CFF06009C94D8 /* AppDelegate.h */,
				84E34F76199CFF06009C94D8 /* AppDelegate.m */,
				84E34F72199CFF06009C94D8 /* Info.plist */,
				84E34F73199CFF06009C94D8 /* main.m */,
			);
			name = "Supporting Files";
			sourceTree = "<group>";
		};
		84E34F87199CFF06009C94D8 /* testTableViewTests */ = {
			isa = PBXGroup;
			children = (
				84E34F8A199CFF06009C94D8 /* testTableViewTests.m */,
				84E34F88199CFF06009C94D8 /* Supporting Files */,
			);
			path = testTableViewTests;
			sourceTree = "<group>";
		};
		84E34F88199CFF06009C94D8 /* Supporting Files */ = {
			isa = PBXGroup;
			children = (
				84E34F89199CFF06009C94D8 /* Info.plist */,
			);
			name = "Supporting Files";
			sourceTree = "<group>";
		};
/* End PBXGroup section */

/* Begin PBXNativeTarget section */
		84E34F6D199CFF06009C94D8 /* testTableView */ = {
			isa = PBXNativeTarget;
			buildConfigurationList = 84E34F8E199CFF06009C94D8 /* Build configuration list for PBXNativeTarget "testTableView" */;
			buildPhases = (
				84E34F6A199CFF06009C94D8 /* Sources */,
				84E34F6B199CFF06009C94D8 /* Frameworks */,
				84E34F6C199CFF06009C94D8 /* Resources */,
			);
			buildRules = (
			);
			dependencies = (
			);
			name = testTableView;
			productName = testTableView;
			productReference = 84E34F6E199CFF06009C94D8 /* testTableView.app */;
			productType = "com.apple.product-type.application";
		};
		84E34F83199CFF06009C94D8 /* testTableViewTests */ = {
			isa = PBXNativeTarget;
			buildConfigurationList = 84E34F91199CFF06009C94D8 /* Build configuration list for PBXNativeTarget "testTableViewTests" */;
			buildPhases = (
				84E34F80199CFF06009C94D8 /* Sources */,
				84E34F81199CFF06009C94D8 /* Frameworks */,
				84E34F82199CFF06009C94D8 /* Resources */,
			);
			buildRules = (
			);
			dependencies = (
				84E34F86199CFF06009C94D8 /* PBXTargetDependency */,
			);
			name = testTableViewTests;
			productName = testTableViewTests;
			productReference = 84E34F84199CFF06009C94D8 /* testTableViewTests.xctest */;
			productType = "com.apple.product-type.bundle.unit-test";
		};
/* End PBXNativeTarget section */

/* Begin PBXProject section */
		84E34F66199CFF06009C94D8 /* Project object */ = {
			isa = PBXProject;
			attributes = {
				LastUpgradeCheck = 0600;
				ORGANIZATIONNAME = ideal;
				TargetAttributes = {
					84E34F6D199CFF06009C94D8 = {
						CreatedOnToolsVersion = 6.0;
					};
					84E34F83199CFF06009C94D8 = {
						CreatedOnToolsVersion = 6.0;
						TestTargetID = 84E34F6D199CFF06009C94D8;
					};
				};
			};
			buildConfigurationList = 84E34F69199CFF06009C94D8 /* Build configuration list for PBXProject "testTableView" */;
			compatibilityVersion = "Xcode 3.2";
			developmentRegion = English;
			hasScannedForEncodings = 0;
			knownRegions = (
				en,
				Base,
			);
			mainGroup = 84E34F65199CFF06009C94D8;
			productRefGroup = 84E34F6F199CFF06009C94D8 /* Products */;
			projectDirPath = "";
			projectRoot = "";
			targets = (
				84E34F6D199CFF06009C94D8 /* testTableView */,
				84E34F83199CFF06009C94D8 /* testTableViewTests */,
			);
		};
/* End PBXProject section */

/* Begin PBXResourcesBuildPhase section */
		84E34F6C199CFF06009C94D8 /* Resources */ = {
			isa = PBXResourcesBuildPhase;
			buildActionMask = 2147483647;
			files = (
				84E34F7D199CFF06009C94D8 /* Main.storyboard in Resources */,
				842C7739199FAD3600BB19BA /* Images.xcassets in Resources */,
			);
			runOnlyForDeploymentPostprocessing = 0;
		};
		84E34F82199CFF06009C94D8 /* Resources */ = {
			isa = PBXResourcesBuildPhase;
			buildActionMask = 2147483647;
			files = (
			);
			runOnlyForDeploymentPostprocessing = 0;
		};
/* End PBXResourcesBuildPhase section */

/* Begin PBXSourcesBuildPhase section */
		84E34F6A199CFF06009C94D8 /* Sources */ = {
			isa = PBXSourcesBuildPhase;
			buildActionMask = 2147483647;
			files = (
				842C7737199FA1BA00BB19BA /* ExpandTableView.m in Sources */,
				84E34F7A199CFF06009C94D8 /* ViewController.m in Sources */,
				842C7734199F9BAD00BB19BA /* ParentTableViewCell.m in Sources */,
				84E34F77199CFF06009C94D8 /* AppDelegate.m in Sources */,
				84E34F74199CFF06009C94D8 /* main.m in Sources */,
			);
			runOnlyForDeploymentPostprocessing = 0;
		};
		84E34F80199CFF06009C94D8 /* Sources */ = {
			isa = PBXSourcesBuildPhase;
			buildActionMask = 2147483647;
			files = (
				84E34F8B199CFF06009C94D8 /* testTableViewTests.m in Sources */,
			);
			runOnlyForDeploymentPostprocessing = 0;
		};
/* End PBXSourcesBuildPhase section */

/* Begin PBXTargetDependency section */
		84E34F86199CFF06009C94D8 /* PBXTargetDependency */ = {
			isa = PBXTargetDependency;
			target = 84E34F6D199CFF06009C94D8 /* testTableView */;
			targetProxy = 84E34F85199CFF06009C94D8 /* PBXContainerItemProxy */;
		};
/* End PBXTargetDependency section */

/* Begin PBXVariantGroup section */
		84E34F7B199CFF06009C94D8 /* Main.storyboard */ = {
			isa = PBXVariantGroup;
			children = (
				84E34F7C199CFF06009C94D8 /* Base */,
			);
			name = Main.storyboard;
			sourceTree = "<group>";
		};
/* End PBXVariantGroup section */

/* Begin XCBuildConfiguration section */
		84E34F8C199CFF06009C94D8 /* Debug */ = {
			isa = XCBuildConfiguration;
			buildSettings = {
				ALWAYS_SEARCH_USER_PATHS = NO;
				CLANG_CXX_LANGUAGE_STANDARD = "gnu++0x";
				CLANG_CXX_LIBRARY = "libc++";
				CLANG_ENABLE_MODULES = YES;
				CLANG_ENABLE_OBJC_ARC = YES;
				CLANG_WARN_BOOL_CONVERSION = YES;
				CLANG_WARN_CONSTANT_CONVERSION = YES;
				CLANG_WARN_DIRECT_OBJC_ISA_USAGE = YES_ERROR;
				CLANG_WARN_EMPTY_BODY = YES;
				CLANG_WARN_ENUM_CONVERSION = YES;
				CLANG_WARN_INT_CONVERSION = YES;
				CLANG_WARN_OBJC_ROOT_CLASS = YES_ERROR;
				CLANG_WARN_UNREACHABLE_CODE = YES;
				CLANG_WARN__DUPLICATE_METHOD_MATCH = YES;
				"CODE_SIGN_IDENTITY[sdk=iphoneos*]" = "iPhone Developer";
				COPY_PHASE_STRIP = NO;
				ENABLE_STRICT_OBJC_MSGSEND = YES;
				GCC_C_LANGUAGE_STANDARD = gnu99;
				GCC_DYNAMIC_NO_PIC = NO;
				GCC_OPTIMIZATION_LEVEL = 0;
				GCC_PREPROCESSOR_DEFINITIONS = (
					"DEBUG=1",
					"$(inherited)",
				);
				GCC_SYMBOLS_PRIVATE_EXTERN = NO;
				GCC_WARN_64_TO_32_BIT_CONVERSION = YES;
				GCC_WARN_ABOUT_RETURN_TYPE = YES_ERROR;
				GCC_WARN_UNDECLARED_SELECTOR = YES;
				GCC_WARN_UNINITIALIZED_AUTOS = YES_AGGRESSIVE;
				GCC_WARN_UNUSED_FUNCTION = YES;
				GCC_WARN_UNUSED_VARIABLE = YES;
				IPHONEOS_DEPLOYMENT_TARGET = 6.0;
				MTL_ENABLE_DEBUG_INFO = YES;
				ONLY_ACTIVE_ARCH = YES;
				SDKROOT = iphoneos;
			};
			name = Debug;
		};
		84E34F8D199CFF06009C94D8 /* Release */ = {
			isa = XCBuildConfiguration;
			buildSettings = {
				ALWAYS_SEARCH_USER_PATHS = NO;
				CLANG_CXX_LANGUAGE_STANDARD = "gnu++0x";
				CLANG_CXX_LIBRARY = "libc++";
				CLANG_ENABLE_MODULES = YES;
				CLANG_ENABLE_OBJC_ARC = YES;
				CLANG_WARN_BOOL_CONVERSION = YES;
				CLANG_WARN_CONSTANT_CONVERSION = YES;
				CLANG_WARN_DIRECT_OBJC_ISA_USAGE = YES_ERROR;
				CLANG_WARN_EMPTY_BODY = YES;
				CLANG_WARN_ENUM_CONVERSION = YES;
				CLANG_WARN_INT_CONVERSION = YES;
				CLANG_WARN_OBJC_ROOT_CLASS = YES_ERROR;
				CLANG_WARN_UNREACHABLE_CODE = YES;
				CLANG_WARN__DUPLICATE_METHOD_MATCH = YES;
				"CODE_SIGN_IDENTITY[sdk=iphoneos*]" = "iPhone Developer";
				COPY_PHASE_STRIP = YES;
				ENABLE_NS_ASSERTIONS = NO;
				ENABLE_STRICT_OBJC_MSGSEND = YES;
				GCC_C_LANGUAGE_STANDARD = gnu99;
				GCC_WARN_64_TO_32_BIT_CONVERSION = YES;
				GCC_WARN_ABOUT_RETURN_TYPE = YES_ERROR;
				GCC_WARN_UNDECLARED_SELECTOR = YES;
				GCC_WARN_UNINITIALIZED_AUTOS = YES_AGGRESSIVE;
				GCC_WARN_UNUSED_FUNCTION = YES;
				GCC_WARN_UNUSED_VARIABLE = YES;
				IPHONEOS_DEPLOYMENT_TARGET = 6.0;
				MTL_ENABLE_DEBUG_INFO = NO;
				SDKROOT = iphoneos;
				VALIDATE_PRODUCT = YES;
			};
			name = Release;
		};
		84E34F8F199CFF06009C94D8 /* Debug */ = {
			isa = XCBuildConfiguration;
			buildSettings = {
				ASSETCATALOG_COMPILER_APPICON_NAME = AppIcon;
				ASSETCATALOG_COMPILER_LAUNCHIMAGE_NAME = LaunchImage;
				INFOPLIST_FILE = testTableView/Info.plist;
				LD_RUNPATH_SEARCH_PATHS = "$(inherited) @executable_path/Frameworks";
				PRODUCT_NAME = "$(TARGET_NAME)";
			};
			name = Debug;
		};
		84E34F90199CFF06009C94D8 /* Release */ = {
			isa = XCBuildConfiguration;
			buildSettings = {
				ASSETCATALOG_COMPILER_APPICON_NAME = AppIcon;
				ASSETCATALOG_COMPILER_LAUNCHIMAGE_NAME = LaunchImage;
				INFOPLIST_FILE = testTableView/Info.plist;
				LD_RUNPATH_SEARCH_PATHS = "$(inherited) @executable_path/Frameworks";
				PRODUCT_NAME = "$(TARGET_NAME)";
			};
			name = Release;
		};
		84E34F92199CFF06009C94D8 /* Debug */ = {
			isa = XCBuildConfiguration;
			buildSettings = {
				BUNDLE_LOADER = "$(BUILT_PRODUCTS_DIR)/testTableView.app/testTableView";
				FRAMEWORK_SEARCH_PATHS = (
					"$(SDKROOT)/Developer/Library/Frameworks",
					"$(inherited)",
				);
				GCC_PREPROCESSOR_DEFINITIONS = (
					"DEBUG=1",
					"$(inherited)",
				);
				INFOPLIST_FILE = testTableViewTests/Info.plist;
				LD_RUNPATH_SEARCH_PATHS = "$(inherited) @executable_path/Frameworks @loader_path/Frameworks";
				PRODUCT_NAME = "$(TARGET_NAME)";
				TEST_HOST = "$(BUNDLE_LOADER)";
			};
			name = Debug;
		};
		84E34F93199CFF06009C94D8 /* Release */ = {
			isa = XCBuildConfiguration;
			buildSettings = {
				BUNDLE_LOADER = "$(BUILT_PRODUCTS_DIR)/testTableView.app/testTableView";
				FRAMEWORK_SEARCH_PATHS = (
					"$(SDKROOT)/Developer/Library/Frameworks",
					"$(inherited)",
				);
				INFOPLIST_FILE = testTableViewTests/Info.plist;
				LD_RUNPATH_SEARCH_PATHS = "$(inherited) @executable_path/Frameworks @loader_path/Frameworks";
				PRODUCT_NAME = "$(TARGET_NAME)";
				TEST_HOST = "$(BUNDLE_LOADER)";
			};
			name = Release;
		};
/* End XCBuildConfiguration section */

/* Begin XCConfigurationList section */
		84E34F69199CFF06009C94D8 /* Build configuration list for PBXProject "testTableView" */ = {
			isa = XCConfigurationList;
			buildConfigurations = (
				84E34F8C199CFF06009C94D8 /* Debug */,
				84E34F8D199CFF06009C94D8 /* Release */,
			);
			defaultConfigurationIsVisible = 0;
			defaultConfigurationName = Release;
		};
		84E34F8E199CFF06009C94D8 /* Build configuration list for PBXNativeTarget "testTableView" */ = {
			isa = XCConfigurationList;
			buildConfigurations = (
				84E34F8F199CFF06009C94D8 /* Debug */,
				84E34F90199CFF06009C94D8 /* Release */,
			);
			defaultConfigurationIsVisible = 0;
			defaultConfigurationName = Release;
		};
		84E34F91199CFF06009C94D8 /* Build configuration list for PBXNativeTarget "testTableViewTests" */ = {
			isa = XCConfigurationList;
			buildConfigurations = (
				84E34F92199CFF06009C94D8 /* Debug */,
				84E34F93199CFF06009C94D8 /* Release */,
			);
			defaultConfigurationIsVisible = 0;
			defaultConfigurationName = Release;
		};
/* End XCConfigurationList section */
	};
	rootObject = 84E34F66199CFF06009C94D8 /* Project object */;
}
